// !$*UTF8*$!
{
	archiveVersion = 1;
	classes = {
	};
	objectVersion = 50;
	objects = {

/* Begin PBXBuildFile section */
		1312D35522C6E0800082EEE2 /* colorFromImage.swift in Sources */ = {isa = PBXBuildFile; fileRef = 1312D35422C6E0800082EEE2 /* colorFromImage.swift */; };
		1312D35922CAAED10082EEE2 /* writeToFile.swift in Sources */ = {isa = PBXBuildFile; fileRef = 1312D35822CAAED10082EEE2 /* writeToFile.swift */; };
		1312D35F22CABE080082EEE2 /* getDocumentsDirectory.swift in Sources */ = {isa = PBXBuildFile; fileRef = 1312D35E22CABE080082EEE2 /* getDocumentsDirectory.swift */; };
		1312D36122CABE190082EEE2 /* readFromFile.swift in Sources */ = {isa = PBXBuildFile; fileRef = 1312D36022CABE190082EEE2 /* readFromFile.swift */; };
		1384D12922C3C3F70058B096 /* AppDelegate.swift in Sources */ = {isa = PBXBuildFile; fileRef = 1384D12822C3C3F70058B096 /* AppDelegate.swift */; };
		1384D12E22C3C3F70058B096 /* Main.storyboard in Resources */ = {isa = PBXBuildFile; fileRef = 1384D12C22C3C3F70058B096 /* Main.storyboard */; };
		1384D13022C3C3F80058B096 /* Assets.xcassets in Resources */ = {isa = PBXBuildFile; fileRef = 1384D12F22C3C3F80058B096 /* Assets.xcassets */; };
		1384D13322C3C3F80058B096 /* LaunchScreen.storyboard in Resources */ = {isa = PBXBuildFile; fileRef = 1384D13122C3C3F80058B096 /* LaunchScreen.storyboard */; };
		1384D13B22C3CFF00058B096 /* SummaryTableViewController.swift in Sources */ = {isa = PBXBuildFile; fileRef = 1384D13A22C3CFF00058B096 /* SummaryTableViewController.swift */; };
		1384D15D22C42DAB0058B096 /* DetailTableViewController.swift in Sources */ = {isa = PBXBuildFile; fileRef = 1384D15C22C42DAB0058B096 /* DetailTableViewController.swift */; };
		1384D15F22C43A990058B096 /* Event.swift in Sources */ = {isa = PBXBuildFile; fileRef = 1384D15E22C43A990058B096 /* Event.swift */; };
		1384D16122C45B550058B096 /* Recurs.swift in Sources */ = {isa = PBXBuildFile; fileRef = 1384D16022C45B550058B096 /* Recurs.swift */; };
		13CB484522CBD77A00374788 /* Events.swift in Sources */ = {isa = PBXBuildFile; fileRef = 13CB484422CBD77A00374788 /* Events.swift */; };
		13CB484722CBF8A900374788 /* TextViewDelegate.swift in Sources */ = {isa = PBXBuildFile; fileRef = 13CB484622CBF8A900374788 /* TextViewDelegate.swift */; };
		13CB484922CBFBC400374788 /* PickerViewDelegate.swift in Sources */ = {isa = PBXBuildFile; fileRef = 13CB484822CBFBC400374788 /* PickerViewDelegate.swift */; };
		13CB484B22CC359700374788 /* imageWith.swift in Sources */ = {isa = PBXBuildFile; fileRef = 13CB484A22CC359700374788 /* imageWith.swift */; };
		13CB484D22CD0D3A00374788 /* sendMail.swift in Sources */ = {isa = PBXBuildFile; fileRef = 13CB484C22CD0D3A00374788 /* sendMail.swift */; };
/* End PBXBuildFile section */

/* Begin PBXFileReference section */
		1312D35422C6E0800082EEE2 /* colorFromImage.swift */ = {isa = PBXFileReference; lastKnownFileType = sourcecode.swift; path = colorFromImage.swift; sourceTree = "<group>"; };
		1312D35822CAAED10082EEE2 /* writeToFile.swift */ = {isa = PBXFileReference; lastKnownFileType = sourcecode.swift; path = writeToFile.swift; sourceTree = "<group>"; };
		1312D35E22CABE080082EEE2 /* getDocumentsDirectory.swift */ = {isa = PBXFileReference; lastKnownFileType = sourcecode.swift; path = getDocumentsDirectory.swift; sourceTree = "<group>"; };
		1312D36022CABE190082EEE2 /* readFromFile.swift */ = {isa = PBXFileReference; lastKnownFileType = sourcecode.swift; path = readFromFile.swift; sourceTree = "<group>"; };
		1384D12522C3C3F70058B096 /* Tracker.app */ = {isa = PBXFileReference; explicitFileType = wrapper.application; includeInIndex = 0; path = Tracker.app; sourceTree = BUILT_PRODUCTS_DIR; };
		1384D12822C3C3F70058B096 /* AppDelegate.swift */ = {isa = PBXFileReference; lastKnownFileType = sourcecode.swift; path = AppDelegate.swift; sourceTree = "<group>"; };
		1384D12D22C3C3F70058B096 /* Base */ = {isa = PBXFileReference; lastKnownFileType = file.storyboard; name = Base; path = Base.lproj/Main.storyboard; sourceTree = "<group>"; };
		1384D12F22C3C3F80058B096 /* Assets.xcassets */ = {isa = PBXFileReference; lastKnownFileType = folder.assetcatalog; path = Assets.xcassets; sourceTree = "<group>"; };
		1384D13222C3C3F80058B096 /* Base */ = {isa = PBXFileReference; lastKnownFileType = file.storyboard; name = Base; path = Base.lproj/LaunchScreen.storyboard; sourceTree = "<group>"; };
		1384D13422C3C3F80058B096 /* Info.plist */ = {isa = PBXFileReference; lastKnownFileType = text.plist.xml; path = Info.plist; sourceTree = "<group>"; };
		1384D13A22C3CFF00058B096 /* SummaryTableViewController.swift */ = {isa = PBXFileReference; lastKnownFileType = sourcecode.swift; path = SummaryTableViewController.swift; sourceTree = "<group>"; };
		1384D15C22C42DAB0058B096 /* DetailTableViewController.swift */ = {isa = PBXFileReference; lastKnownFileType = sourcecode.swift; path = DetailTableViewController.swift; sourceTree = "<group>"; };
		1384D15E22C43A990058B096 /* Event.swift */ = {isa = PBXFileReference; lastKnownFileType = sourcecode.swift; path = Event.swift; sourceTree = "<group>"; };
		1384D16022C45B550058B096 /* Recurs.swift */ = {isa = PBXFileReference; lastKnownFileType = sourcecode.swift; path = Recurs.swift; sourceTree = "<group>"; };
		13CB484422CBD77A00374788 /* Events.swift */ = {isa = PBXFileReference; lastKnownFileType = sourcecode.swift; path = Events.swift; sourceTree = "<group>"; };
		13CB484622CBF8A900374788 /* TextViewDelegate.swift */ = {isa = PBXFileReference; lastKnownFileType = sourcecode.swift; path = TextViewDelegate.swift; sourceTree = "<group>"; };
		13CB484822CBFBC400374788 /* PickerViewDelegate.swift */ = {isa = PBXFileReference; lastKnownFileType = sourcecode.swift; path = PickerViewDelegate.swift; sourceTree = "<group>"; };
		13CB484A22CC359700374788 /* imageWith.swift */ = {isa = PBXFileReference; lastKnownFileType = sourcecode.swift; path = imageWith.swift; sourceTree = "<group>"; };
		13CB484C22CD0D3A00374788 /* sendMail.swift */ = {isa = PBXFileReference; lastKnownFileType = sourcecode.swift; path = sendMail.swift; sourceTree = "<group>"; };
/* End PBXFileReference section */

/* Begin PBXFrameworksBuildPhase section */
		1384D12222C3C3F70058B096 /* Frameworks */ = {
			isa = PBXFrameworksBuildPhase;
			buildActionMask = 2147483647;
			files = (
			);
			runOnlyForDeploymentPostprocessing = 0;
		};
/* End PBXFrameworksBuildPhase section */

/* Begin PBXGroup section */
		1384D11C22C3C3F70058B096 = {
			isa = PBXGroup;
			children = (
				1384D12722C3C3F70058B096 /* Tracker */,
				1384D12622C3C3F70058B096 /* Products */,
			);
			sourceTree = "<group>";
		};
		1384D12622C3C3F70058B096 /* Products */ = {
			isa = PBXGroup;
			children = (
				1384D12522C3C3F70058B096 /* Tracker.app */,
			);
			name = Products;
			sourceTree = "<group>";
		};
		1384D12722C3C3F70058B096 /* Tracker */ = {
			isa = PBXGroup;
			children = (
				1384D12822C3C3F70058B096 /* AppDelegate.swift */,
				1384D16022C45B550058B096 /* Recurs.swift */,
				1384D15E22C43A990058B096 /* Event.swift */,
				13CB484422CBD77A00374788 /* Events.swift */,
				1384D15C22C42DAB0058B096 /* DetailTableViewController.swift */,
				1384D13A22C3CFF00058B096 /* SummaryTableViewController.swift */,
				13CB484822CBFBC400374788 /* PickerViewDelegate.swift */,
				13CB484622CBF8A900374788 /* TextViewDelegate.swift */,
				1312D35E22CABE080082EEE2 /* getDocumentsDirectory.swift */,
				1312D35422C6E0800082EEE2 /* colorFromImage.swift */,
				13CB484A22CC359700374788 /* imageWith.swift */,
				1312D35822CAAED10082EEE2 /* writeToFile.swift */,
				1312D36022CABE190082EEE2 /* readFromFile.swift */,
				1384D12F22C3C3F80058B096 /* Assets.xcassets */,
				1384D13122C3C3F80058B096 /* LaunchScreen.storyboard */,
				1384D12C22C3C3F70058B096 /* Main.storyboard */,
				13CB484C22CD0D3A00374788 /* sendMail.swift */,
				1384D13422C3C3F80058B096 /* Info.plist */,
			);
			path = Tracker;
			sourceTree = "<group>";
		};
/* End PBXGroup section */

/* Begin PBXNativeTarget section */
		1384D12422C3C3F70058B096 /* Tracker */ = {
			isa = PBXNativeTarget;
			buildConfigurationList = 1384D13722C3C3F80058B096 /* Build configuration list for PBXNativeTarget "Tracker" */;
			buildPhases = (
				1384D12122C3C3F70058B096 /* Sources */,
				1384D12222C3C3F70058B096 /* Frameworks */,
				1384D12322C3C3F70058B096 /* Resources */,
			);
			buildRules = (
			);
			dependencies = (
			);
			name = Tracker;
			productName = Tracker;
			productReference = 1384D12522C3C3F70058B096 /* Tracker.app */;
			productType = "com.apple.product-type.application";
		};
/* End PBXNativeTarget section */

/* Begin PBXProject section */
		1384D11D22C3C3F70058B096 /* Project object */ = {
			isa = PBXProject;
			attributes = {
				LastSwiftUpdateCheck = 1020;
				LastUpgradeCheck = 1020;
				ORGANIZATIONNAME = "Chuck Deerinck";
				TargetAttributes = {
					1384D12422C3C3F70058B096 = {
						CreatedOnToolsVersion = 10.2.1;
					};
				};
			};
			buildConfigurationList = 1384D12022C3C3F70058B096 /* Build configuration list for PBXProject "Tracker" */;
			compatibilityVersion = "Xcode 9.3";
			developmentRegion = en;
			hasScannedForEncodings = 0;
			knownRegions = (
				en,
				Base,
			);
			mainGroup = 1384D11C22C3C3F70058B096;
			productRefGroup = 1384D12622C3C3F70058B096 /* Products */;
			projectDirPath = "";
			projectRoot = "";
			targets = (
				1384D12422C3C3F70058B096 /* Tracker */,
			);
		};
/* End PBXProject section */

/* Begin PBXResourcesBuildPhase section */
		1384D12322C3C3F70058B096 /* Resources */ = {
			isa = PBXResourcesBuildPhase;
			buildActionMask = 2147483647;
			files = (
				1384D13322C3C3F80058B096 /* LaunchScreen.storyboard in Resources */,
				1384D13022C3C3F80058B096 /* Assets.xcassets in Resources */,
				1384D12E22C3C3F70058B096 /* Main.storyboard in Resources */,
			);
			runOnlyForDeploymentPostprocessing = 0;
		};
/* End PBXResourcesBuildPhase section */

/* Begin PBXSourcesBuildPhase section */
		1384D12122C3C3F70058B096 /* Sources */ = {
			isa = PBXSourcesBuildPhase;
			buildActionMask = 2147483647;
			files = (
				13CB484D22CD0D3A00374788 /* sendMail.swift in Sources */,
				13CB484722CBF8A900374788 /* TextViewDelegate.swift in Sources */,
				1384D15D22C42DAB0058B096 /* DetailTableViewController.swift in Sources */,
				13CB484522CBD77A00374788 /* Events.swift in Sources */,
				1312D35F22CABE080082EEE2 /* getDocumentsDirectory.swift in Sources */,
				1384D13B22C3CFF00058B096 /* SummaryTableViewController.swift in Sources */,
				1312D35922CAAED10082EEE2 /* writeToFile.swift in Sources */,
				1384D12922C3C3F70058B096 /* AppDelegate.swift in Sources */,
				13CB484922CBFBC400374788 /* PickerViewDelegate.swift in Sources */,
				1312D36122CABE190082EEE2 /* readFromFile.swift in Sources */,
				13CB484B22CC359700374788 /* imageWith.swift in Sources */,
				1312D35522C6E0800082EEE2 /* colorFromImage.swift in Sources */,
				1384D15F22C43A990058B096 /* Event.swift in Sources */,
				1384D16122C45B550058B096 /* Recurs.swift in Sources */,
			);
			runOnlyForDeploymentPostprocessing = 0;
		};
/* End PBXSourcesBuildPhase section */

/* Begin PBXVariantGroup section */
		1384D12C22C3C3F70058B096 /* Main.storyboard */ = {
			isa = PBXVariantGroup;
			children = (
				1384D12D22C3C3F70058B096 /* Base */,
			);
			name = Main.storyboard;
			sourceTree = "<group>";
		};
		1384D13122C3C3F80058B096 /* LaunchScreen.storyboard */ = {
			isa = PBXVariantGroup;
			children = (
				1384D13222C3C3F80058B096 /* Base */,
			);
			name = LaunchScreen.storyboard;
			sourceTree = "<group>";
		};
/* End PBXVariantGroup section */

/* Begin XCBuildConfiguration section */
		1384D13522C3C3F80058B096 /* Debug */ = {
			isa = XCBuildConfiguration;
			buildSettings = {
				ALWAYS_SEARCH_USER_PATHS = NO;
				CLANG_ANALYZER_NONNULL = YES;
				CLANG_ANALYZER_NUMBER_OBJECT_CONVERSION = YES_AGGRESSIVE;
				CLANG_CXX_LANGUAGE_STANDARD = "gnu++14";
				CLANG_CXX_LIBRARY = "libc++";
				CLANG_ENABLE_MODULES = YES;
				CLANG_ENABLE_OBJC_ARC = YES;
				CLANG_ENABLE_OBJC_WEAK = YES;
				CLANG_WARN_BLOCK_CAPTURE_AUTORELEASING = YES;
				CLANG_WARN_BOOL_CONVERSION = YES;
				CLANG_WARN_COMMA = YES;
				CLANG_WARN_CONSTANT_CONVERSION = YES;
				CLANG_WARN_DEPRECATED_OBJC_IMPLEMENTATIONS = YES;
				CLANG_WARN_DIRECT_OBJC_ISA_USAGE = YES_ERROR;
				CLANG_WARN_DOCUMENTATION_COMMENTS = YES;
				CLANG_WARN_EMPTY_BODY = YES;
				CLANG_WARN_ENUM_CONVERSION = YES;
				CLANG_WARN_INFINITE_RECURSION = YES;
				CLANG_WARN_INT_CONVERSION = YES;
				CLANG_WARN_NON_LITERAL_NULL_CONVERSION = YES;
				CLANG_WARN_OBJC_IMPLICIT_RETAIN_SELF = YES;
				CLANG_WARN_OBJC_LITERAL_CONVERSION = YES;
				CLANG_WARN_OBJC_ROOT_CLASS = YES_ERROR;
				CLANG_WARN_RANGE_LOOP_ANALYSIS = YES;
				CLANG_WARN_STRICT_PROTOTYPES = YES;
				CLANG_WARN_SUSPICIOUS_MOVE = YES;
				CLANG_WARN_UNGUARDED_AVAILABILITY = YES_AGGRESSIVE;
				CLANG_WARN_UNREACHABLE_CODE = YES;
				CLANG_WARN__DUPLICATE_METHOD_MATCH = YES;
				CODE_SIGN_IDENTITY = "iPhone Developer";
				COPY_PHASE_STRIP = NO;
				DEBUG_INFORMATION_FORMAT = dwarf;
				ENABLE_STRICT_OBJC_MSGSEND = YES;
				ENABLE_TESTABILITY = YES;
				GCC_C_LANGUAGE_STANDARD = gnu11;
				GCC_DYNAMIC_NO_PIC = NO;
				GCC_NO_COMMON_BLOCKS = YES;
				GCC_OPTIMIZATION_LEVEL = 0;
				GCC_PREPROCESSOR_DEFINITIONS = (
					"DEBUG=1",
					"$(inherited)",
				);
				GCC_WARN_64_TO_32_BIT_CONVERSION = YES;
				GCC_WARN_ABOUT_RETURN_TYPE = YES_ERROR;
				GCC_WARN_UNDECLARED_SELECTOR = YES;
				GCC_WARN_UNINITIALIZED_AUTOS = YES_AGGRESSIVE;
				GCC_WARN_UNUSED_FUNCTION = YES;
				GCC_WARN_UNUSED_VARIABLE = YES;
				IPHONEOS_DEPLOYMENT_TARGET = 12.2;
				MTL_ENABLE_DEBUG_INFO = INCLUDE_SOURCE;
				MTL_FAST_MATH = YES;
				ONLY_ACTIVE_ARCH = YES;
				SDKROOT = iphoneos;
				SWIFT_ACTIVE_COMPILATION_CONDITIONS = DEBUG;
				SWIFT_OPTIMIZATION_LEVEL = "-Onone";
			};
			name = Debug;
		};
		1384D13622C3C3F80058B096 /* Release */ = {
			isa = XCBuildConfiguration;
			buildSettings = {
				ALWAYS_SEARCH_USER_PATHS = NO;
				CLANG_ANALYZER_NONNULL = YES;
				CLANG_ANALYZER_NUMBER_OBJECT_CONVERSION = YES_AGGRESSIVE;
				CLANG_CXX_LANGUAGE_STANDARD = "gnu++14";
				CLANG_CXX_LIBRARY = "libc++";
				CLANG_ENABLE_MODULES = YES;
				CLANG_ENABLE_OBJC_ARC = YES;
				CLANG_ENABLE_OBJC_WEAK = YES;
				CLANG_WARN_BLOCK_CAPTURE_AUTORELEASING = YES;
				CLANG_WARN_BOOL_CONVERSION = YES;
				CLANG_WARN_COMMA = YES;
				CLANG_WARN_CONSTANT_CONVERSION = YES;
				CLANG_WARN_DEPRECATED_OBJC_IMPLEMENTATIONS = YES;
				CLANG_WARN_DIRECT_OBJC_ISA_USAGE = YES_ERROR;
				CLANG_WARN_DOCUMENTATION_COMMENTS = YES;
				CLANG_WARN_EMPTY_BODY = YES;
				CLANG_WARN_ENUM_CONVERSION = YES;
				CLANG_WARN_INFINITE_RECURSION = YES;
				CLANG_WARN_INT_CONVERSION = YES;
				CLANG_WARN_NON_LITERAL_NULL_CONVERSION = YES;
				CLANG_WARN_OBJC_IMPLICIT_RETAIN_SELF = YES;
				CLANG_WARN_OBJC_LITERAL_CONVERSION = YES;
				CLANG_WARN_OBJC_ROOT_CLASS = YES_ERROR;
				CLANG_WARN_RANGE_LOOP_ANALYSIS = YES;
				CLANG_WARN_STRICT_PROTOTYPES = YES;
				CLANG_WARN_SUSPICIOUS_MOVE = YES;
				CLANG_WARN_UNGUARDED_AVAILABILITY = YES_AGGRESSIVE;
				CLANG_WARN_UNREACHABLE_CODE = YES;
				CLANG_WARN__DUPLICATE_METHOD_MATCH = YES;
				CODE_SIGN_IDENTITY = "iPhone Developer";
				COPY_PHASE_STRIP = NO;
				DEBUG_INFORMATION_FORMAT = "dwarf-with-dsym";
				ENABLE_NS_ASSERTIONS = NO;
				ENABLE_STRICT_OBJC_MSGSEND = YES;
				GCC_C_LANGUAGE_STANDARD = gnu11;
				GCC_NO_COMMON_BLOCKS = YES;
				GCC_WARN_64_TO_32_BIT_CONVERSION = YES;
				GCC_WARN_ABOUT_RETURN_TYPE = YES_ERROR;
				GCC_WARN_UNDECLARED_SELECTOR = YES;
				GCC_WARN_UNINITIALIZED_AUTOS = YES_AGGRESSIVE;
				GCC_WARN_UNUSED_FUNCTION = YES;
				GCC_WARN_UNUSED_VARIABLE = YES;
				IPHONEOS_DEPLOYMENT_TARGET = 12.2;
				MTL_ENABLE_DEBUG_INFO = NO;
				MTL_FAST_MATH = YES;
				SDKROOT = iphoneos;
				SWIFT_COMPILATION_MODE = wholemodule;
				SWIFT_OPTIMIZATION_LEVEL = "-O";
				VALIDATE_PRODUCT = YES;
			};
			name = Release;
		};
		1384D13822C3C3F80058B096 /* Debug */ = {
			isa = XCBuildConfiguration;
			buildSettings = {
				ASSETCATALOG_COMPILER_APPICON_NAME = AppIcon;
				CODE_SIGN_STYLE = Automatic;
				DEVELOPMENT_TEAM = C729AZWQM3;
				INFOPLIST_FILE = Tracker/Info.plist;
				LD_RUNPATH_SEARCH_PATHS = (
					"$(inherited)",
					"@executable_path/Frameworks",
				);
				PRODUCT_BUNDLE_IDENTIFIER = com.cjd9.Tracker;
				PRODUCT_NAME = "$(TARGET_NAME)";
				SWIFT_VERSION = 5.0;
				TARGETED_DEVICE_FAMILY = "1,2";
			};
			name = Debug;
		};
		1384D13922C3C3F80058B096 /* Release */ = {
			isa = XCBuildConfiguration;
			buildSettings = {
				ASSETCATALOG_COMPILER_APPICON_NAME = AppIcon;
				CODE_SIGN_STYLE = Automatic;
				DEVELOPMENT_TEAM = C729AZWQM3;
				INFOPLIST_FILE = Tracker/Info.plist;
				LD_RUNPATH_SEARCH_PATHS = (
					"$(inherited)",
					"@executable_path/Frameworks",
				);
				PRODUCT_BUNDLE_IDENTIFIER = com.cjd9.Tracker;
				PRODUCT_NAME = "$(TARGET_NAME)";
				SWIFT_VERSION = 5.0;
				TARGETED_DEVICE_FAMILY = "1,2";
			};
			name = Release;
		};
/* End XCBuildConfiguration section */

/* Begin XCConfigurationList section */
		1384D12022C3C3F70058B096 /* Build configuration list for PBXProject "Tracker" */ = {
			isa = XCConfigurationList;
			buildConfigurations = (
				1384D13522C3C3F80058B096 /* Debug */,
				1384D13622C3C3F80058B096 /* Release */,
			);
			defaultConfigurationIsVisible = 0;
			defaultConfigurationName = Release;
		};
		1384D13722C3C3F80058B096 /* Build configuration list for PBXNativeTarget "Tracker" */ = {
			isa = XCConfigurationList;
			buildConfigurations = (
				1384D13822C3C3F80058B096 /* Debug */,
				1384D13922C3C3F80058B096 /* Release */,
			);
			defaultConfigurationIsVisible = 0;
			defaultConfigurationName = Release;
		};
/* End XCConfigurationList section */
	};
	rootObject = 1384D11D22C3C3F70058B096 /* Project object */;
}
